schema: '2.0'
stages:
  prepare:
    cmd: python src/data/make_dataset.py
    deps:
    - path: data/raw
      hash: md5
      md5: 90c3e04bb8fa1558eb70f9096b5b6010.dir
      size: 31082914
      nfiles: 4
    - path: src/data/make_dataset.py
      hash: md5
      md5: 4ad13b24e78b1d7a98f278223b50e57f
      size: 8708
    outs:
    - path: data/preprocessed
      hash: md5
      md5: c7dbffadf3eee872b0eb4612bd23e5a5.dir
      size: 5882307
      nfiles: 4
  train:
    cmd: python src/models/train_model.py
    deps:
    - path: data/preprocessed
      hash: md5
      md5: c7dbffadf3eee872b0eb4612bd23e5a5.dir
      size: 5882307
      nfiles: 4
    - path: src/models/train_model.py
      hash: md5
      md5: 010f8ff8d9efb7edab686384da70536f
      size: 732
    outs:
    - path: models/trained_model.joblib
      hash: md5
      md5: 606e8d15810e8fe0d7447407f7b362e0
      size: 206513609
  evaluation:
    cmd: python src/models/evaluate_model.py
    deps:
    - path: models/trained_model.joblib
      hash: md5
      md5: 606e8d15810e8fe0d7447407f7b362e0
      size: 206513609
    - path: src/models/evaluate_model.py
      hash: md5
      md5: 65d1f5754404f287ba753d7a6e2d59af
      size: 831
    outs:
    - path: metrics/accuracy.json
      hash: md5
      md5: e98bd5aa8c2af37205827dbc9a00bbdc
      size: 32
